lockfileVersion: 5.4

specifiers:
  '@types/node': ^18.13.0
  commander: ^10.0.0
  rimraf: ^4.1.2

dependencies:
  '@types/node': 18.13.0
  commander: 10.0.0
  rimraf: 4.1.2

packages:

  /@types/node/18.13.0:
    resolution: {integrity: sha512-gC3TazRzGoOnoKAhUx+Q0t8S9Tzs74z7m0ipwGpSqQrleP14hKxP4/JUeEQcD3W1/aIpnWl8pHowI7WokuZpXg==}
    dev: false

  /commander/10.0.0:
    resolution: {integrity: sha512-zS5PnTI22FIRM6ylNW8G4Ap0IEOyk62fhLSD0+uHRT9McRCLGpkVNvao4bjimpK/GShynyQkFFxHhwMcETmduA==}
    engines: {node: '>=14'}
    dev: false

  /rimraf/4.1.2:
    resolution: {integrity: sha512-BlIbgFryTbw3Dz6hyoWFhKk+unCcHMSkZGrTFVAx2WmttdBSonsdtRlwiuTbDqTKr+UlXIUqJVS4QT5tUzGENQ==}
    engines: {node: '>=14'}
    hasBin: true
    dev: false
