# This file is generated by running "yarn install" inside your project.
# Manual changes might be lost - proceed with caution!

__metadata:
  version: 6
  cacheKey: 8

"@types/node@npm:^18.13.0":
  version: 18.13.0
  resolution: "@types/node@npm:18.13.0"
  checksum: 4ea10f8802848b01672bce938f678b6774ca2cee0c9774f12275ab064ae07818419c3e2e41d6257ce7ba846d1ea26c63214aa1dfa4166fa3746291752b8c6416
  languageName: node
  linkType: hard

"cli@workspace:.":
  version: 0.0.0-use.local
  resolution: "cli@workspace:."
  dependencies:
    "@types/node": ^18.13.0
    commander: ^10.0.0
    rimraf: ^4.1.2
  bin:
    cli: bin/cli.js
  languageName: unknown
  linkType: soft

"commander@npm:^10.0.0":
  version: 10.0.0
  resolution: "commander@npm:10.0.0"
  checksum: 9f6495651f878213005ac744dd87a85fa3d9f2b8b90d1c19d0866d666bda7f735adfd7c2f10dfff345782e2f80ea258f98bb4efcef58e4e502f25f883940acfd
  languageName: node
  linkType: hard

"rimraf@npm:^4.1.2":
  version: 4.1.2
  resolution: "rimraf@npm:4.1.2"
  bin:
    rimraf: dist/cjs/src/bin.js
  checksum: 480b8147fd9bcbef3ac118f88a7b1169c3872977a3411a0c84df838bfc30e175a394c0db6f9619fc8b8a886a18c6d779d5e74f380a0075ecc710afaf81b3f50c
  languageName: node
  linkType: hard
