# This file is generated by running "yarn install" inside your project.
# Manual changes might be lost - proceed with caution!

__metadata:
  version: 6
  cacheKey: 8

"@types/minimist@npm:^1.2.2":
  version: 1.2.2
  resolution: "@types/minimist@npm:1.2.2"
  checksum: b8da83c66eb4aac0440e64674b19564d9d86c80ae273144db9681e5eeff66f238ade9515f5006ffbfa955ceff8b89ad2bd8ec577d7caee74ba101431fb07045d
  languageName: node
  linkType: hard

"@types/node@npm:^18.13.0":
  version: 18.13.0
  resolution: "@types/node@npm:18.13.0"
  checksum: 4ea10f8802848b01672bce938f678b6774ca2cee0c9774f12275ab064ae07818419c3e2e41d6257ce7ba846d1ea26c63214aa1dfa4166fa3746291752b8c6416
  languageName: node
  linkType: hard

"minimist@npm:^1.2.8":
  version: 1.2.8
  resolution: "minimist@npm:1.2.8"
  checksum: 75a6d645fb122dad29c06a7597bddea977258957ed88d7a6df59b5cd3fe4a527e253e9bbf2e783e4b73657f9098b96a5fe96ab8a113655d4109108577ecf85b0
  languageName: node
  linkType: hard

"nodjs-samples-fs@workspace:.":
  version: 0.0.0-use.local
  resolution: "nodjs-samples-fs@workspace:."
  dependencies:
    "@types/minimist": ^1.2.2
    "@types/node": ^18.13.0
    minimist: ^1.2.8
  languageName: unknown
  linkType: soft
